
Microsoft Visual Studio Solution File, Format Version 12.00
# Visual Studio 15
VisualStudioVersion = 15.0.27130.2003
MinimumVisualStudioVersion = 10.0.40219.1
Project("{8BC9CEB8-8B4A-11D0-8D11-00A0C91BC942}") = "OOP_practice", "OOP_practice\OOP_practice.vcxproj", "{AFD84699-8689-49F4-B6DC-893A8354301F}"
EndProject
Project("{8BC9CEB8-8B4A-11D0-8D11-00A0C91BC942}") = "Figura_wyk1_3.4.5", "Figura_wyk1_3.4.5\Figura_wyk1_3.4.5.vcxproj", "{9644A0FA-9FA5-4BE9-AECF-9BFB205223BD}"
EndProject
Project("{8BC9CEB8-8B4A-11D0-8D11-00A0C91BC942}") = "Cwiczenia2zad2", "Cwiczenia1zad2\Cwiczenia1zad2.vcxproj", "{BD3072EF-3449-4ED5-BCBC-316E49B162F1}"
EndProject
Project("{8BC9CEB8-8B4A-11D0-8D11-00A0C91BC942}") = "Cwiczenie5zad1", "Cwiczenie5zad1\Cwiczenie5zad1.vcxproj", "{951901A4-6510-4B19-8E45-E0347BC10BD5}"
EndProject
Project("{8BC9CEB8-8B4A-11D0-8D11-00A0C91BC942}") = "Cwiczenie5zad2", "Cwiczenie5zad2\Cwiczenie5zad2.vcxproj", "{CEE65D35-7E13-4BDF-BE5C-3B01EBF355AB}"
EndProject
Global
	GlobalSection(SolutionConfigurationPlatforms) = preSolution
		Debug|x64 = Debug|x64
		Debug|x86 = Debug|x86
		Release|x64 = Release|x64
		Release|x86 = Release|x86
	EndGlobalSection
	GlobalSection(ProjectConfigurationPlatforms) = postSolution
		{AFD84699-8689-49F4-B6DC-893A8354301F}.Debug|x64.ActiveCfg = Debug|x64
		{AFD84699-8689-49F4-B6DC-893A8354301F}.Debug|x64.Build.0 = Debug|x64
		{AFD84699-8689-49F4-B6DC-893A8354301F}.Debug|x86.ActiveCfg = Debug|Win32
		{AFD84699-8689-49F4-B6DC-893A8354301F}.Debug|x86.Build.0 = Debug|Win32
		{AFD84699-8689-49F4-B6DC-893A8354301F}.Release|x64.ActiveCfg = Release|x64
		{AFD84699-8689-49F4-B6DC-893A8354301F}.Release|x64.Build.0 = Release|x64
		{AFD84699-8689-49F4-B6DC-893A8354301F}.Release|x86.ActiveCfg = Release|Win32
		{AFD84699-8689-49F4-B6DC-893A8354301F}.Release|x86.Build.0 = Release|Win32
		{9644A0FA-9FA5-4BE9-AECF-9BFB205223BD}.Debug|x64.ActiveCfg = Debug|x64
		{9644A0FA-9FA5-4BE9-AECF-9BFB205223BD}.Debug|x64.Build.0 = Debug|x64
		{9644A0FA-9FA5-4BE9-AECF-9BFB205223BD}.Debug|x86.ActiveCfg = Debug|Win32
		{9644A0FA-9FA5-4BE9-AECF-9BFB205223BD}.Debug|x86.Build.0 = Debug|Win32
		{9644A0FA-9FA5-4BE9-AECF-9BFB205223BD}.Release|x64.ActiveCfg = Release|x64
		{9644A0FA-9FA5-4BE9-AECF-9BFB205223BD}.Release|x64.Build.0 = Release|x64
		{9644A0FA-9FA5-4BE9-AECF-9BFB205223BD}.Release|x86.ActiveCfg = Release|Win32
		{9644A0FA-9FA5-4BE9-AECF-9BFB205223BD}.Release|x86.Build.0 = Release|Win32
		{BD3072EF-3449-4ED5-BCBC-316E49B162F1}.Debug|x64.ActiveCfg = Debug|x64
		{BD3072EF-3449-4ED5-BCBC-316E49B162F1}.Debug|x64.Build.0 = Debug|x64
		{BD3072EF-3449-4ED5-BCBC-316E49B162F1}.Debug|x86.ActiveCfg = Debug|Win32
		{BD3072EF-3449-4ED5-BCBC-316E49B162F1}.Debug|x86.Build.0 = Debug|Win32
		{BD3072EF-3449-4ED5-BCBC-316E49B162F1}.Release|x64.ActiveCfg = Release|x64
		{BD3072EF-3449-4ED5-BCBC-316E49B162F1}.Release|x64.Build.0 = Release|x64
		{BD3072EF-3449-4ED5-BCBC-316E49B162F1}.Release|x86.ActiveCfg = Release|Win32
		{BD3072EF-3449-4ED5-BCBC-316E49B162F1}.Release|x86.Build.0 = Release|Win32
		{951901A4-6510-4B19-8E45-E0347BC10BD5}.Debug|x64.ActiveCfg = Debug|x64
		{951901A4-6510-4B19-8E45-E0347BC10BD5}.Debug|x64.Build.0 = Debug|x64
		{951901A4-6510-4B19-8E45-E0347BC10BD5}.Debug|x86.ActiveCfg = Debug|Win32
		{951901A4-6510-4B19-8E45-E0347BC10BD5}.Debug|x86.Build.0 = Debug|Win32
		{951901A4-6510-4B19-8E45-E0347BC10BD5}.Release|x64.ActiveCfg = Release|x64
		{951901A4-6510-4B19-8E45-E0347BC10BD5}.Release|x64.Build.0 = Release|x64
		{951901A4-6510-4B19-8E45-E0347BC10BD5}.Release|x86.ActiveCfg = Release|Win32
		{951901A4-6510-4B19-8E45-E0347BC10BD5}.Release|x86.Build.0 = Release|Win32
		{CEE65D35-7E13-4BDF-BE5C-3B01EBF355AB}.Debug|x64.ActiveCfg = Debug|x64
		{CEE65D35-7E13-4BDF-BE5C-3B01EBF355AB}.Debug|x64.Build.0 = Debug|x64
		{CEE65D35-7E13-4BDF-BE5C-3B01EBF355AB}.Debug|x86.ActiveCfg = Debug|Win32
		{CEE65D35-7E13-4BDF-BE5C-3B01EBF355AB}.Debug|x86.Build.0 = Debug|Win32
		{CEE65D35-7E13-4BDF-BE5C-3B01EBF355AB}.Release|x64.ActiveCfg = Release|x64
		{CEE65D35-7E13-4BDF-BE5C-3B01EBF355AB}.Release|x64.Build.0 = Release|x64
		{CEE65D35-7E13-4BDF-BE5C-3B01EBF355AB}.Release|x86.ActiveCfg = Release|Win32
		{CEE65D35-7E13-4BDF-BE5C-3B01EBF355AB}.Release|x86.Build.0 = Release|Win32
	EndGlobalSection
	GlobalSection(SolutionProperties) = preSolution
		HideSolutionNode = FALSE
	EndGlobalSection
	GlobalSection(ExtensibilityGlobals) = postSolution
		SolutionGuid = {1921D952-6D75-4B01-AE18-42B89D813BA7}
	EndGlobalSection
EndGlobal
